// !$*UTF8*$!
{
	archiveVersion = 1;
	classes = {
	};
	objectVersion = 55;
	objects = {

/* Begin PBXBuildFile section */
		578CCF08278F235800A7FD8A /* mobillium_case.xcdatamodeld in Sources */ = {isa = PBXBuildFile; fileRef = 578CCF06278F235800A7FD8A /* mobillium_case.xcdatamodeld */; };
		578CCF18278F235900A7FD8A /* mobillium_caseTests.swift in Sources */ = {isa = PBXBuildFile; fileRef = 578CCF17278F235900A7FD8A /* mobillium_caseTests.swift */; };
		578CCF22278F235900A7FD8A /* mobillium_caseUITests.swift in Sources */ = {isa = PBXBuildFile; fileRef = 578CCF21278F235900A7FD8A /* mobillium_caseUITests.swift */; };
		578CCF24278F235900A7FD8A /* mobillium_caseUITestsLaunchTests.swift in Sources */ = {isa = PBXBuildFile; fileRef = 578CCF23278F235900A7FD8A /* mobillium_caseUITestsLaunchTests.swift */; };
		578CCFA9278F25F700A7FD8A /* AppRouter.swift in Sources */ = {isa = PBXBuildFile; fileRef = 578CCF85278F25F600A7FD8A /* AppRouter.swift */; };
		578CCFAA278F25F700A7FD8A /* Animator.swift in Sources */ = {isa = PBXBuildFile; fileRef = 578CCF87278F25F600A7FD8A /* Animator.swift */; };
		578CCFAB278F25F700A7FD8A /* Router.swift in Sources */ = {isa = PBXBuildFile; fileRef = 578CCF88278F25F600A7FD8A /* Router.swift */; };
		578CCFAC278F25F700A7FD8A /* ModalTransition.swift in Sources */ = {isa = PBXBuildFile; fileRef = 578CCF8A278F25F600A7FD8A /* ModalTransition.swift */; };
		578CCFAD278F25F700A7FD8A /* PlaceOnWindowTransition.swift in Sources */ = {isa = PBXBuildFile; fileRef = 578CCF8B278F25F600A7FD8A /* PlaceOnWindowTransition.swift */; };
		578CCFAE278F25F700A7FD8A /* Transition.swift in Sources */ = {isa = PBXBuildFile; fileRef = 578CCF8C278F25F600A7FD8A /* Transition.swift */; };
		578CCFAF278F25F700A7FD8A /* PushTransition.swift in Sources */ = {isa = PBXBuildFile; fileRef = 578CCF8D278F25F600A7FD8A /* PushTransition.swift */; };
		578CCFB0278F25F700A7FD8A /* BaseViewController.swift in Sources */ = {isa = PBXBuildFile; fileRef = 578CCF91278F25F600A7FD8A /* BaseViewController.swift */; };
		578CCFB1278F25F700A7FD8A /* TransparentNavigationController.swift in Sources */ = {isa = PBXBuildFile; fileRef = 578CCF92278F25F600A7FD8A /* TransparentNavigationController.swift */; };
		578CCFB2278F25F700A7FD8A /* BaseViewModel.swift in Sources */ = {isa = PBXBuildFile; fileRef = 578CCF93278F25F600A7FD8A /* BaseViewModel.swift */; };
		578CCFB3278F25F700A7FD8A /* MainNavigationController.swift in Sources */ = {isa = PBXBuildFile; fileRef = 578CCF94278F25F600A7FD8A /* MainNavigationController.swift */; };
		578CCFB4278F25F700A7FD8A /* ClouseTypeAlias.swift in Sources */ = {isa = PBXBuildFile; fileRef = 578CCF96278F25F600A7FD8A /* ClouseTypeAlias.swift */; };
		578CCFB5278F25F700A7FD8A /* DataProvider.swift in Sources */ = {isa = PBXBuildFile; fileRef = 578CCF98278F25F600A7FD8A /* DataProvider.swift */; };
		578CCFB6278F25F700A7FD8A /* ApiLogger.swift in Sources */ = {isa = PBXBuildFile; fileRef = 578CCF99278F25F600A7FD8A /* ApiLogger.swift */; };
		578CCFB7278F25F700A7FD8A /* Keychain.swift in Sources */ = {isa = PBXBuildFile; fileRef = 578CCF9B278F25F600A7FD8A /* Keychain.swift */; };
		578CCFB8278F25F700A7FD8A /* AppDelegate.swift in Sources */ = {isa = PBXBuildFile; fileRef = 578CCF9D278F25F600A7FD8A /* AppDelegate.swift */; };
		578CCFB9278F25F700A7FD8A /* Assets.xcassets in Resources */ = {isa = PBXBuildFile; fileRef = 578CCF9F278F25F600A7FD8A /* Assets.xcassets */; };
		578CCFBA278F25F700A7FD8A /* LaunchScreen.storyboard in Resources */ = {isa = PBXBuildFile; fileRef = 578CCFA0278F25F700A7FD8A /* LaunchScreen.storyboard */; };
		578CCFBC278F260B00A7FD8A /* DataSource.framework in Frameworks */ = {isa = PBXBuildFile; fileRef = 578CCFBB278F260B00A7FD8A /* DataSource.framework */; };
		578CCFBD278F260B00A7FD8A /* DataSource.framework in Embed Frameworks */ = {isa = PBXBuildFile; fileRef = 578CCFBB278F260B00A7FD8A /* DataSource.framework */; settings = {ATTRIBUTES = (CodeSignOnCopy, RemoveHeadersOnCopy, ); }; };
		578CCFC4278F2A6B00A7FD8A /* ApiRequestInterceptor.swift in Sources */ = {isa = PBXBuildFile; fileRef = 578CCFC3278F2A6B00A7FD8A /* ApiRequestInterceptor.swift */; };
		578CCFD1278F32C600A7FD8A /* HomeScreenRouter.swift in Sources */ = {isa = PBXBuildFile; fileRef = 578CCFCE278F32C600A7FD8A /* HomeScreenRouter.swift */; };
		578CCFD2278F32C600A7FD8A /* HomeScreenViewController.swift in Sources */ = {isa = PBXBuildFile; fileRef = 578CCFCF278F32C600A7FD8A /* HomeScreenViewController.swift */; };
		578CCFD3278F32C600A7FD8A /* HomeScreenViewModel.swift in Sources */ = {isa = PBXBuildFile; fileRef = 578CCFD0278F32C600A7FD8A /* HomeScreenViewModel.swift */; };
		578CCFD5278F32D700A7FD8A /* HomeScreenRoute.swift in Sources */ = {isa = PBXBuildFile; fileRef = 578CCFD4278F32D700A7FD8A /* HomeScreenRoute.swift */; };
		5794F5212790287200DD8D19 /* HomeDetailRouter.swift in Sources */ = {isa = PBXBuildFile; fileRef = 5794F51E2790287200DD8D19 /* HomeDetailRouter.swift */; };
		5794F5222790287200DD8D19 /* HomeDetailViewController.swift in Sources */ = {isa = PBXBuildFile; fileRef = 5794F51F2790287200DD8D19 /* HomeDetailViewController.swift */; };
		5794F5232790287200DD8D19 /* HomeDetailViewModel.swift in Sources */ = {isa = PBXBuildFile; fileRef = 5794F5202790287200DD8D19 /* HomeDetailViewModel.swift */; };
		5794F52527906ECA00DD8D19 /* HomeDetailRoute.swift in Sources */ = {isa = PBXBuildFile; fileRef = 5794F52427906ECA00DD8D19 /* HomeDetailRoute.swift */; };
		5794F5602791601100DD8D19 /* UIComponents.framework in Frameworks */ = {isa = PBXBuildFile; fileRef = 5794F55F2791601100DD8D19 /* UIComponents.framework */; };
		5794F5612791601100DD8D19 /* UIComponents.framework in Embed Frameworks */ = {isa = PBXBuildFile; fileRef = 5794F55F2791601100DD8D19 /* UIComponents.framework */; settings = {ATTRIBUTES = (CodeSignOnCopy, RemoveHeadersOnCopy, ); }; };
		702FE0FC7A78EA72B66D5FAE /* Pods_mobillium_case_mobillium_caseUITests.framework in Frameworks */ = {isa = PBXBuildFile; fileRef = EB112C82E6C61F3B811EBB36 /* Pods_mobillium_case_mobillium_caseUITests.framework */; };
		771B8F21179DCCC51624F27E /* Pods_mobillium_case.framework in Frameworks */ = {isa = PBXBuildFile; fileRef = 99A3FE4405A5C87E44F09CF6 /* Pods_mobillium_case.framework */; };
		B4490DEF51216C8EA34F8D3A /* Pods_mobillium_caseTests.framework in Frameworks */ = {isa = PBXBuildFile; fileRef = D71632CF24652A3390E727D3 /* Pods_mobillium_caseTests.framework */; };
/* End PBXBuildFile section */

/* Begin PBXContainerItemProxy section */
		578CCF14278F235900A7FD8A /* PBXContainerItemProxy */ = {
			isa = PBXContainerItemProxy;
			containerPortal = 578CCEF2278F235800A7FD8A /* Project object */;
			proxyType = 1;
			remoteGlobalIDString = 578CCEF9278F235800A7FD8A;
			remoteInfo = mobillium_case;
		};
		578CCF1E278F235900A7FD8A /* PBXContainerItemProxy */ = {
			isa = PBXContainerItemProxy;
			containerPortal = 578CCEF2278F235800A7FD8A /* Project object */;
			proxyType = 1;
			remoteGlobalIDString = 578CCEF9278F235800A7FD8A;
			remoteInfo = mobillium_case;
		};
/* End PBXContainerItemProxy section */

/* Begin PBXCopyFilesBuildPhase section */
		578CCFBE278F260B00A7FD8A /* Embed Frameworks */ = {
			isa = PBXCopyFilesBuildPhase;
			buildActionMask = 2147483647;
			dstPath = "";
			dstSubfolderSpec = 10;
			files = (
				5794F5612791601100DD8D19 /* UIComponents.framework in Embed Frameworks */,
				578CCFBD278F260B00A7FD8A /* DataSource.framework in Embed Frameworks */,
			);
			name = "Embed Frameworks";
			runOnlyForDeploymentPostprocessing = 0;
		};
/* End PBXCopyFilesBuildPhase section */

/* Begin PBXFileReference section */
		578CCEFA278F235800A7FD8A /* mobillium_case.app */ = {isa = PBXFileReference; explicitFileType = wrapper.application; includeInIndex = 0; path = mobillium_case.app; sourceTree = BUILT_PRODUCTS_DIR; };
		578CCF07278F235800A7FD8A /* mobillium_case.xcdatamodel */ = {isa = PBXFileReference; lastKnownFileType = wrapper.xcdatamodel; path = mobillium_case.xcdatamodel; sourceTree = "<group>"; };
		578CCF0E278F235800A7FD8A /* Info.plist */ = {isa = PBXFileReference; lastKnownFileType = text.plist.xml; path = Info.plist; sourceTree = "<group>"; };
		578CCF13278F235900A7FD8A /* mobillium_caseTests.xctest */ = {isa = PBXFileReference; explicitFileType = wrapper.cfbundle; includeInIndex = 0; path = mobillium_caseTests.xctest; sourceTree = BUILT_PRODUCTS_DIR; };
		578CCF17278F235900A7FD8A /* mobillium_caseTests.swift */ = {isa = PBXFileReference; lastKnownFileType = sourcecode.swift; path = mobillium_caseTests.swift; sourceTree = "<group>"; };
		578CCF1D278F235900A7FD8A /* mobillium_caseUITests.xctest */ = {isa = PBXFileReference; explicitFileType = wrapper.cfbundle; includeInIndex = 0; path = mobillium_caseUITests.xctest; sourceTree = BUILT_PRODUCTS_DIR; };
		578CCF21278F235900A7FD8A /* mobillium_caseUITests.swift */ = {isa = PBXFileReference; lastKnownFileType = sourcecode.swift; path = mobillium_caseUITests.swift; sourceTree = "<group>"; };
		578CCF23278F235900A7FD8A /* mobillium_caseUITestsLaunchTests.swift */ = {isa = PBXFileReference; lastKnownFileType = sourcecode.swift; path = mobillium_caseUITestsLaunchTests.swift; sourceTree = "<group>"; };
		578CCF85278F25F600A7FD8A /* AppRouter.swift */ = {isa = PBXFileReference; fileEncoding = 4; lastKnownFileType = sourcecode.swift; path = AppRouter.swift; sourceTree = "<group>"; };
		578CCF87278F25F600A7FD8A /* Animator.swift */ = {isa = PBXFileReference; fileEncoding = 4; lastKnownFileType = sourcecode.swift; path = Animator.swift; sourceTree = "<group>"; };
		578CCF88278F25F600A7FD8A /* Router.swift */ = {isa = PBXFileReference; fileEncoding = 4; lastKnownFileType = sourcecode.swift; path = Router.swift; sourceTree = "<group>"; };
		578CCF8A278F25F600A7FD8A /* ModalTransition.swift */ = {isa = PBXFileReference; fileEncoding = 4; lastKnownFileType = sourcecode.swift; path = ModalTransition.swift; sourceTree = "<group>"; };
		578CCF8B278F25F600A7FD8A /* PlaceOnWindowTransition.swift */ = {isa = PBXFileReference; fileEncoding = 4; lastKnownFileType = sourcecode.swift; path = PlaceOnWindowTransition.swift; sourceTree = "<group>"; };
		578CCF8C278F25F600A7FD8A /* Transition.swift */ = {isa = PBXFileReference; fileEncoding = 4; lastKnownFileType = sourcecode.swift; path = Transition.swift; sourceTree = "<group>"; };
		578CCF8D278F25F600A7FD8A /* PushTransition.swift */ = {isa = PBXFileReference; fileEncoding = 4; lastKnownFileType = sourcecode.swift; path = PushTransition.swift; sourceTree = "<group>"; };
		578CCF91278F25F600A7FD8A /* BaseViewController.swift */ = {isa = PBXFileReference; fileEncoding = 4; lastKnownFileType = sourcecode.swift; path = BaseViewController.swift; sourceTree = "<group>"; };
		578CCF92278F25F600A7FD8A /* TransparentNavigationController.swift */ = {isa = PBXFileReference; fileEncoding = 4; lastKnownFileType = sourcecode.swift; path = TransparentNavigationController.swift; sourceTree = "<group>"; };
		578CCF93278F25F600A7FD8A /* BaseViewModel.swift */ = {isa = PBXFileReference; fileEncoding = 4; lastKnownFileType = sourcecode.swift; path = BaseViewModel.swift; sourceTree = "<group>"; };
		578CCF94278F25F600A7FD8A /* MainNavigationController.swift */ = {isa = PBXFileReference; fileEncoding = 4; lastKnownFileType = sourcecode.swift; path = MainNavigationController.swift; sourceTree = "<group>"; };
		578CCF96278F25F600A7FD8A /* ClouseTypeAlias.swift */ = {isa = PBXFileReference; fileEncoding = 4; lastKnownFileType = sourcecode.swift; path = ClouseTypeAlias.swift; sourceTree = "<group>"; };
		578CCF98278F25F600A7FD8A /* DataProvider.swift */ = {isa = PBXFileReference; fileEncoding = 4; lastKnownFileType = sourcecode.swift; path = DataProvider.swift; sourceTree = "<group>"; };
		578CCF99278F25F600A7FD8A /* ApiLogger.swift */ = {isa = PBXFileReference; fileEncoding = 4; lastKnownFileType = sourcecode.swift; path = ApiLogger.swift; sourceTree = "<group>"; };
		578CCF9B278F25F600A7FD8A /* Keychain.swift */ = {isa = PBXFileReference; fileEncoding = 4; lastKnownFileType = sourcecode.swift; path = Keychain.swift; sourceTree = "<group>"; };
		578CCF9D278F25F600A7FD8A /* AppDelegate.swift */ = {isa = PBXFileReference; fileEncoding = 4; lastKnownFileType = sourcecode.swift; path = AppDelegate.swift; sourceTree = "<group>"; };
		578CCF9F278F25F600A7FD8A /* Assets.xcassets */ = {isa = PBXFileReference; lastKnownFileType = folder.assetcatalog; path = Assets.xcassets; sourceTree = "<group>"; };
		578CCFA0278F25F700A7FD8A /* LaunchScreen.storyboard */ = {isa = PBXFileReference; fileEncoding = 4; lastKnownFileType = file.storyboard; path = LaunchScreen.storyboard; sourceTree = "<group>"; };
		578CCFBB278F260B00A7FD8A /* DataSource.framework */ = {isa = PBXFileReference; explicitFileType = wrapper.framework; path = DataSource.framework; sourceTree = BUILT_PRODUCTS_DIR; };
		578CCFC3278F2A6B00A7FD8A /* ApiRequestInterceptor.swift */ = {isa = PBXFileReference; lastKnownFileType = sourcecode.swift; path = ApiRequestInterceptor.swift; sourceTree = "<group>"; };
		578CCFCE278F32C600A7FD8A /* HomeScreenRouter.swift */ = {isa = PBXFileReference; lastKnownFileType = sourcecode.swift; path = HomeScreenRouter.swift; sourceTree = "<group>"; };
		578CCFCF278F32C600A7FD8A /* HomeScreenViewController.swift */ = {isa = PBXFileReference; lastKnownFileType = sourcecode.swift; path = HomeScreenViewController.swift; sourceTree = "<group>"; };
		578CCFD0278F32C600A7FD8A /* HomeScreenViewModel.swift */ = {isa = PBXFileReference; lastKnownFileType = sourcecode.swift; path = HomeScreenViewModel.swift; sourceTree = "<group>"; };
		578CCFD4278F32D700A7FD8A /* HomeScreenRoute.swift */ = {isa = PBXFileReference; lastKnownFileType = sourcecode.swift; path = HomeScreenRoute.swift; sourceTree = "<group>"; };
		5794F51E2790287200DD8D19 /* HomeDetailRouter.swift */ = {isa = PBXFileReference; lastKnownFileType = sourcecode.swift; path = HomeDetailRouter.swift; sourceTree = "<group>"; };
		5794F51F2790287200DD8D19 /* HomeDetailViewController.swift */ = {isa = PBXFileReference; lastKnownFileType = sourcecode.swift; path = HomeDetailViewController.swift; sourceTree = "<group>"; };
		5794F5202790287200DD8D19 /* HomeDetailViewModel.swift */ = {isa = PBXFileReference; lastKnownFileType = sourcecode.swift; path = HomeDetailViewModel.swift; sourceTree = "<group>"; };
		5794F52427906ECA00DD8D19 /* HomeDetailRoute.swift */ = {isa = PBXFileReference; lastKnownFileType = sourcecode.swift; path = HomeDetailRoute.swift; sourceTree = "<group>"; };
		5794F55F2791601100DD8D19 /* UIComponents.framework */ = {isa = PBXFileReference; explicitFileType = wrapper.framework; path = UIComponents.framework; sourceTree = BUILT_PRODUCTS_DIR; };
		5F8BAD06DDABA730D9A599C4 /* Pods-mobillium_case.release.xcconfig */ = {isa = PBXFileReference; includeInIndex = 1; lastKnownFileType = text.xcconfig; name = "Pods-mobillium_case.release.xcconfig"; path = "Target Support Files/Pods-mobillium_case/Pods-mobillium_case.release.xcconfig"; sourceTree = "<group>"; };
		8F632D3B6972C52DC0347E32 /* Pods-mobillium_case-mobillium_caseUITests.debug.xcconfig */ = {isa = PBXFileReference; includeInIndex = 1; lastKnownFileType = text.xcconfig; name = "Pods-mobillium_case-mobillium_caseUITests.debug.xcconfig"; path = "Target Support Files/Pods-mobillium_case-mobillium_caseUITests/Pods-mobillium_case-mobillium_caseUITests.debug.xcconfig"; sourceTree = "<group>"; };
		99A3FE4405A5C87E44F09CF6 /* Pods_mobillium_case.framework */ = {isa = PBXFileReference; explicitFileType = wrapper.framework; includeInIndex = 0; path = Pods_mobillium_case.framework; sourceTree = BUILT_PRODUCTS_DIR; };
		BA9501FDCE983D29F1065CB0 /* Pods-mobillium_case-mobillium_caseUITests.release.xcconfig */ = {isa = PBXFileReference; includeInIndex = 1; lastKnownFileType = text.xcconfig; name = "Pods-mobillium_case-mobillium_caseUITests.release.xcconfig"; path = "Target Support Files/Pods-mobillium_case-mobillium_caseUITests/Pods-mobillium_case-mobillium_caseUITests.release.xcconfig"; sourceTree = "<group>"; };
		D71632CF24652A3390E727D3 /* Pods_mobillium_caseTests.framework */ = {isa = PBXFileReference; explicitFileType = wrapper.framework; includeInIndex = 0; path = Pods_mobillium_caseTests.framework; sourceTree = BUILT_PRODUCTS_DIR; };
		EADB6097C5591C1766993B7F /* Pods-mobillium_caseTests.debug.xcconfig */ = {isa = PBXFileReference; includeInIndex = 1; lastKnownFileType = text.xcconfig; name = "Pods-mobillium_caseTests.debug.xcconfig"; path = "Target Support Files/Pods-mobillium_caseTests/Pods-mobillium_caseTests.debug.xcconfig"; sourceTree = "<group>"; };
		EB112C82E6C61F3B811EBB36 /* Pods_mobillium_case_mobillium_caseUITests.framework */ = {isa = PBXFileReference; explicitFileType = wrapper.framework; includeInIndex = 0; path = Pods_mobillium_case_mobillium_caseUITests.framework; sourceTree = BUILT_PRODUCTS_DIR; };
		F22E561ED5B61F53E978CBD1 /* Pods-mobillium_caseTests.release.xcconfig */ = {isa = PBXFileReference; includeInIndex = 1; lastKnownFileType = text.xcconfig; name = "Pods-mobillium_caseTests.release.xcconfig"; path = "Target Support Files/Pods-mobillium_caseTests/Pods-mobillium_caseTests.release.xcconfig"; sourceTree = "<group>"; };
		FFE27E9BBEE7524707072D55 /* Pods-mobillium_case.debug.xcconfig */ = {isa = PBXFileReference; includeInIndex = 1; lastKnownFileType = text.xcconfig; name = "Pods-mobillium_case.debug.xcconfig"; path = "Target Support Files/Pods-mobillium_case/Pods-mobillium_case.debug.xcconfig"; sourceTree = "<group>"; };
/* End PBXFileReference section */

/* Begin PBXFrameworksBuildPhase section */
		578CCEF7278F235800A7FD8A /* Frameworks */ = {
			isa = PBXFrameworksBuildPhase;
			buildActionMask = 2147483647;
			files = (
				578CCFBC278F260B00A7FD8A /* DataSource.framework in Frameworks */,
				5794F5602791601100DD8D19 /* UIComponents.framework in Frameworks */,
				771B8F21179DCCC51624F27E /* Pods_mobillium_case.framework in Frameworks */,
			);
			runOnlyForDeploymentPostprocessing = 0;
		};
		578CCF10278F235900A7FD8A /* Frameworks */ = {
			isa = PBXFrameworksBuildPhase;
			buildActionMask = 2147483647;
			files = (
				B4490DEF51216C8EA34F8D3A /* Pods_mobillium_caseTests.framework in Frameworks */,
			);
			runOnlyForDeploymentPostprocessing = 0;
		};
		578CCF1A278F235900A7FD8A /* Frameworks */ = {
			isa = PBXFrameworksBuildPhase;
			buildActionMask = 2147483647;
			files = (
				702FE0FC7A78EA72B66D5FAE /* Pods_mobillium_case_mobillium_caseUITests.framework in Frameworks */,
			);
			runOnlyForDeploymentPostprocessing = 0;
		};
/* End PBXFrameworksBuildPhase section */

/* Begin PBXGroup section */
		44230421FFBAD175FEF0DE3F /* Pods */ = {
			isa = PBXGroup;
			children = (
				FFE27E9BBEE7524707072D55 /* Pods-mobillium_case.debug.xcconfig */,
				5F8BAD06DDABA730D9A599C4 /* Pods-mobillium_case.release.xcconfig */,
				8F632D3B6972C52DC0347E32 /* Pods-mobillium_case-mobillium_caseUITests.debug.xcconfig */,
				BA9501FDCE983D29F1065CB0 /* Pods-mobillium_case-mobillium_caseUITests.release.xcconfig */,
				EADB6097C5591C1766993B7F /* Pods-mobillium_caseTests.debug.xcconfig */,
				F22E561ED5B61F53E978CBD1 /* Pods-mobillium_caseTests.release.xcconfig */,
			);
			path = Pods;
			sourceTree = "<group>";
		};
		578CCEF1278F235800A7FD8A = {
			isa = PBXGroup;
			children = (
				578CCEFC278F235800A7FD8A /* mobillium_case */,
				578CCF16278F235900A7FD8A /* mobillium_caseTests */,
				578CCF20278F235900A7FD8A /* mobillium_caseUITests */,
				578CCEFB278F235800A7FD8A /* Products */,
				44230421FFBAD175FEF0DE3F /* Pods */,
				B3AC9DF7841434168FEECBA2 /* Frameworks */,
			);
			sourceTree = "<group>";
		};
		578CCEFB278F235800A7FD8A /* Products */ = {
			isa = PBXGroup;
			children = (
				578CCEFA278F235800A7FD8A /* mobillium_case.app */,
				578CCF13278F235900A7FD8A /* mobillium_caseTests.xctest */,
				578CCF1D278F235900A7FD8A /* mobillium_caseUITests.xctest */,
			);
			name = Products;
			sourceTree = "<group>";
		};
		578CCEFC278F235800A7FD8A /* mobillium_case */ = {
			isa = PBXGroup;
			children = (
				578CCF9C278F25F600A7FD8A /* AppDelegate */,
				578CCF9A278F25F600A7FD8A /* Constants */,
				578CCFA0278F25F700A7FD8A /* LaunchScreen.storyboard */,
				578CCF97278F25F600A7FD8A /* DataProvider */,
				578CCF9E278F25F600A7FD8A /* Resource */,
				578CCF83278F25F600A7FD8A /* Routing */,
				578CCF79278F25F600A7FD8A /* Scenes */,
				578CCF95278F25F600A7FD8A /* TypeAlias */,
				578CCF0E278F235800A7FD8A /* Info.plist */,
				578CCF06278F235800A7FD8A /* mobillium_case.xcdatamodeld */,
			);
			path = mobillium_case;
			sourceTree = "<group>";
		};
		578CCF16278F235900A7FD8A /* mobillium_caseTests */ = {
			isa = PBXGroup;
			children = (
				578CCF17278F235900A7FD8A /* mobillium_caseTests.swift */,
			);
			path = mobillium_caseTests;
			sourceTree = "<group>";
		};
		578CCF20278F235900A7FD8A /* mobillium_caseUITests */ = {
			isa = PBXGroup;
			children = (
				578CCF21278F235900A7FD8A /* mobillium_caseUITests.swift */,
				578CCF23278F235900A7FD8A /* mobillium_caseUITestsLaunchTests.swift */,
			);
			path = mobillium_caseUITests;
			sourceTree = "<group>";
		};
		578CCF79278F25F600A7FD8A /* Scenes */ = {
			isa = PBXGroup;
			children = (
				578CCF90278F25F600A7FD8A /* Base */,
				578CCFC0278F271500A7FD8A /* MovicesDetail */,
				578CCFBF278F26D600A7FD8A /* Home */,
			);
			path = Scenes;
			sourceTree = "<group>";
		};
		578CCF83278F25F600A7FD8A /* Routing */ = {
			isa = PBXGroup;
			children = (
				578CCF84278F25F600A7FD8A /* Routers */,
				578CCF86278F25F600A7FD8A /* Core */,
				578CCF89278F25F600A7FD8A /* Transitions */,
				578CCF8E278F25F600A7FD8A /* Routes */,
			);
			path = Routing;
			sourceTree = "<group>";
		};
		578CCF84278F25F600A7FD8A /* Routers */ = {
			isa = PBXGroup;
			children = (
				578CCF85278F25F600A7FD8A /* AppRouter.swift */,
			);
			path = Routers;
			sourceTree = "<group>";
		};
		578CCF86278F25F600A7FD8A /* Core */ = {
			isa = PBXGroup;
			children = (
				578CCF87278F25F600A7FD8A /* Animator.swift */,
				578CCF88278F25F600A7FD8A /* Router.swift */,
			);
			path = Core;
			sourceTree = "<group>";
		};
		578CCF89278F25F600A7FD8A /* Transitions */ = {
			isa = PBXGroup;
			children = (
				578CCF8A278F25F600A7FD8A /* ModalTransition.swift */,
				578CCF8B278F25F600A7FD8A /* PlaceOnWindowTransition.swift */,
				578CCF8C278F25F600A7FD8A /* Transition.swift */,
				578CCF8D278F25F600A7FD8A /* PushTransition.swift */,
			);
			path = Transitions;
			sourceTree = "<group>";
		};
		578CCF8E278F25F600A7FD8A /* Routes */ = {
			isa = PBXGroup;
			children = (
			);
			path = Routes;
			sourceTree = "<group>";
		};
		578CCF90278F25F600A7FD8A /* Base */ = {
			isa = PBXGroup;
			children = (
				578CCF91278F25F600A7FD8A /* BaseViewController.swift */,
				578CCF92278F25F600A7FD8A /* TransparentNavigationController.swift */,
				578CCF93278F25F600A7FD8A /* BaseViewModel.swift */,
				578CCF94278F25F600A7FD8A /* MainNavigationController.swift */,
			);
			path = Base;
			sourceTree = "<group>";
		};
		578CCF95278F25F600A7FD8A /* TypeAlias */ = {
			isa = PBXGroup;
			children = (
				578CCF96278F25F600A7FD8A /* ClouseTypeAlias.swift */,
			);
			path = TypeAlias;
			sourceTree = "<group>";
		};
		578CCF97278F25F600A7FD8A /* DataProvider */ = {
			isa = PBXGroup;
			children = (
				578CCF98278F25F600A7FD8A /* DataProvider.swift */,
				578CCF99278F25F600A7FD8A /* ApiLogger.swift */,
				578CCFC3278F2A6B00A7FD8A /* ApiRequestInterceptor.swift */,
			);
			path = DataProvider;
			sourceTree = "<group>";
		};
		578CCF9A278F25F600A7FD8A /* Constants */ = {
			isa = PBXGroup;
			children = (
				578CCF9B278F25F600A7FD8A /* Keychain.swift */,
			);
			path = Constants;
			sourceTree = "<group>";
		};
		578CCF9C278F25F600A7FD8A /* AppDelegate */ = {
			isa = PBXGroup;
			children = (
				578CCF9D278F25F600A7FD8A /* AppDelegate.swift */,
			);
			path = AppDelegate;
			sourceTree = "<group>";
		};
		578CCF9E278F25F600A7FD8A /* Resource */ = {
			isa = PBXGroup;
			children = (
				578CCF9F278F25F600A7FD8A /* Assets.xcassets */,
			);
			path = Resource;
			sourceTree = "<group>";
		};
		578CCFBF278F26D600A7FD8A /* Home */ = {
			isa = PBXGroup;
			children = (
				578CCFCE278F32C600A7FD8A /* HomeScreenRouter.swift */,
				578CCFCF278F32C600A7FD8A /* HomeScreenViewController.swift */,
				578CCFD0278F32C600A7FD8A /* HomeScreenViewModel.swift */,
				578CCFD4278F32D700A7FD8A /* HomeScreenRoute.swift */,
				5794F51E2790287200DD8D19 /* HomeDetailRouter.swift */,
				5794F51F2790287200DD8D19 /* HomeDetailViewController.swift */,
				5794F5202790287200DD8D19 /* HomeDetailViewModel.swift */,
				5794F52427906ECA00DD8D19 /* HomeDetailRoute.swift */,
			);
			path = Home;
			sourceTree = "<group>";
		};
		578CCFC0278F271500A7FD8A /* MovicesDetail */ = {
			isa = PBXGroup;
			children = (
			);
			path = MovicesDetail;
			sourceTree = "<group>";
		};
		B3AC9DF7841434168FEECBA2 /* Frameworks */ = {
			isa = PBXGroup;
			children = (
				5794F55F2791601100DD8D19 /* UIComponents.framework */,
				578CCFBB278F260B00A7FD8A /* DataSource.framework */,
				99A3FE4405A5C87E44F09CF6 /* Pods_mobillium_case.framework */,
				EB112C82E6C61F3B811EBB36 /* Pods_mobillium_case_mobillium_caseUITests.framework */,
				D71632CF24652A3390E727D3 /* Pods_mobillium_caseTests.framework */,
			);
			name = Frameworks;
			sourceTree = "<group>";
		};
/* End PBXGroup section */

/* Begin PBXNativeTarget section */
		578CCEF9278F235800A7FD8A /* mobillium_case */ = {
			isa = PBXNativeTarget;
			buildConfigurationList = 578CCF27278F235900A7FD8A /* Build configuration list for PBXNativeTarget "mobillium_case" */;
			buildPhases = (
				9A141985FBB82EBC3DF44F32 /* [CP] Check Pods Manifest.lock */,
				578CCEF6278F235800A7FD8A /* Sources */,
				578CCEF7278F235800A7FD8A /* Frameworks */,
				578CCEF8278F235800A7FD8A /* Resources */,
				578CCFBE278F260B00A7FD8A /* Embed Frameworks */,
				B73405B5A4607770B1B22AA0 /* [CP] Embed Pods Frameworks */,
			);
			buildRules = (
			);
			dependencies = (
			);
			name = mobillium_case;
			productName = mobillium_case;
			productReference = 578CCEFA278F235800A7FD8A /* mobillium_case.app */;
			productType = "com.apple.product-type.application";
		};
		578CCF12278F235900A7FD8A /* mobillium_caseTests */ = {
			isa = PBXNativeTarget;
			buildConfigurationList = 578CCF2A278F235900A7FD8A /* Build configuration list for PBXNativeTarget "mobillium_caseTests" */;
			buildPhases = (
				2DDE8C4BDE46420AF743DD6D /* [CP] Check Pods Manifest.lock */,
				578CCF0F278F235900A7FD8A /* Sources */,
				578CCF10278F235900A7FD8A /* Frameworks */,
				578CCF11278F235900A7FD8A /* Resources */,
			);
			buildRules = (
			);
			dependencies = (
				578CCF15278F235900A7FD8A /* PBXTargetDependency */,
			);
			name = mobillium_caseTests;
			productName = mobillium_caseTests;
			productReference = 578CCF13278F235900A7FD8A /* mobillium_caseTests.xctest */;
			productType = "com.apple.product-type.bundle.unit-test";
		};
		578CCF1C278F235900A7FD8A /* mobillium_caseUITests */ = {
			isa = PBXNativeTarget;
			buildConfigurationList = 578CCF2D278F235900A7FD8A /* Build configuration list for PBXNativeTarget "mobillium_caseUITests" */;
			buildPhases = (
				595B2C6A49D9C5819CDDB9E7 /* [CP] Check Pods Manifest.lock */,
				578CCF19278F235900A7FD8A /* Sources */,
				578CCF1A278F235900A7FD8A /* Frameworks */,
				578CCF1B278F235900A7FD8A /* Resources */,
				A307615C27B7494476068829 /* [CP] Embed Pods Frameworks */,
			);
			buildRules = (
			);
			dependencies = (
				578CCF1F278F235900A7FD8A /* PBXTargetDependency */,
			);
			name = mobillium_caseUITests;
			productName = mobillium_caseUITests;
			productReference = 578CCF1D278F235900A7FD8A /* mobillium_caseUITests.xctest */;
			productType = "com.apple.product-type.bundle.ui-testing";
		};
/* End PBXNativeTarget section */

/* Begin PBXProject section */
		578CCEF2278F235800A7FD8A /* Project object */ = {
			isa = PBXProject;
			attributes = {
				BuildIndependentTargetsInParallel = 1;
				LastSwiftUpdateCheck = 1320;
				LastUpgradeCheck = 1320;
				TargetAttributes = {
					578CCEF9278F235800A7FD8A = {
						CreatedOnToolsVersion = 13.2.1;
					};
					578CCF12278F235900A7FD8A = {
						CreatedOnToolsVersion = 13.2.1;
						TestTargetID = 578CCEF9278F235800A7FD8A;
					};
					578CCF1C278F235900A7FD8A = {
						CreatedOnToolsVersion = 13.2.1;
						TestTargetID = 578CCEF9278F235800A7FD8A;
					};
				};
			};
			buildConfigurationList = 578CCEF5278F235800A7FD8A /* Build configuration list for PBXProject "mobillium_case" */;
			compatibilityVersion = "Xcode 13.0";
			developmentRegion = en;
			hasScannedForEncodings = 0;
			knownRegions = (
				en,
				Base,
			);
			mainGroup = 578CCEF1278F235800A7FD8A;
			productRefGroup = 578CCEFB278F235800A7FD8A /* Products */;
			projectDirPath = "";
			projectRoot = "";
			targets = (
				578CCEF9278F235800A7FD8A /* mobillium_case */,
				578CCF12278F235900A7FD8A /* mobillium_caseTests */,
				578CCF1C278F235900A7FD8A /* mobillium_caseUITests */,
			);
		};
/* End PBXProject section */

/* Begin PBXResourcesBuildPhase section */
		578CCEF8278F235800A7FD8A /* Resources */ = {
			isa = PBXResourcesBuildPhase;
			buildActionMask = 2147483647;
			files = (
				578CCFBA278F25F700A7FD8A /* LaunchScreen.storyboard in Resources */,
				578CCFB9278F25F700A7FD8A /* Assets.xcassets in Resources */,
			);
			runOnlyForDeploymentPostprocessing = 0;
		};
		578CCF11278F235900A7FD8A /* Resources */ = {
			isa = PBXResourcesBuildPhase;
			buildActionMask = 2147483647;
			files = (
			);
			runOnlyForDeploymentPostprocessing = 0;
		};
		578CCF1B278F235900A7FD8A /* Resources */ = {
			isa = PBXResourcesBuildPhase;
			buildActionMask = 2147483647;
			files = (
			);
			runOnlyForDeploymentPostprocessing = 0;
		};
/* End PBXResourcesBuildPhase section */

/* Begin PBXShellScriptBuildPhase section */
		2DDE8C4BDE46420AF743DD6D /* [CP] Check Pods Manifest.lock */ = {
			isa = PBXShellScriptBuildPhase;
			buildActionMask = 2147483647;
			files = (
			);
			inputFileListPaths = (
			);
			inputPaths = (
				"${PODS_PODFILE_DIR_PATH}/Podfile.lock",
				"${PODS_ROOT}/Manifest.lock",
			);
			name = "[CP] Check Pods Manifest.lock";
			outputFileListPaths = (
			);
			outputPaths = (
				"$(DERIVED_FILE_DIR)/Pods-mobillium_caseTests-checkManifestLockResult.txt",
			);
			runOnlyForDeploymentPostprocessing = 0;
			shellPath = /bin/sh;
			shellScript = "diff \"${PODS_PODFILE_DIR_PATH}/Podfile.lock\" \"${PODS_ROOT}/Manifest.lock\" > /dev/null\nif [ $? != 0 ] ; then\n    # print error to STDERR\n    echo \"error: The sandbox is not in sync with the Podfile.lock. Run 'pod install' or update your CocoaPods installation.\" >&2\n    exit 1\nfi\n# This output is used by Xcode 'outputs' to avoid re-running this script phase.\necho \"SUCCESS\" > \"${SCRIPT_OUTPUT_FILE_0}\"\n";
			showEnvVarsInLog = 0;
		};
		595B2C6A49D9C5819CDDB9E7 /* [CP] Check Pods Manifest.lock */ = {
			isa = PBXShellScriptBuildPhase;
			buildActionMask = 2147483647;
			files = (
			);
			inputFileListPaths = (
			);
			inputPaths = (
				"${PODS_PODFILE_DIR_PATH}/Podfile.lock",
				"${PODS_ROOT}/Manifest.lock",
			);
			name = "[CP] Check Pods Manifest.lock";
			outputFileListPaths = (
			);
			outputPaths = (
				"$(DERIVED_FILE_DIR)/Pods-mobillium_case-mobillium_caseUITests-checkManifestLockResult.txt",
			);
			runOnlyForDeploymentPostprocessing = 0;
			shellPath = /bin/sh;
			shellScript = "diff \"${PODS_PODFILE_DIR_PATH}/Podfile.lock\" \"${PODS_ROOT}/Manifest.lock\" > /dev/null\nif [ $? != 0 ] ; then\n    # print error to STDERR\n    echo \"error: The sandbox is not in sync with the Podfile.lock. Run 'pod install' or update your CocoaPods installation.\" >&2\n    exit 1\nfi\n# This output is used by Xcode 'outputs' to avoid re-running this script phase.\necho \"SUCCESS\" > \"${SCRIPT_OUTPUT_FILE_0}\"\n";
			showEnvVarsInLog = 0;
		};
		9A141985FBB82EBC3DF44F32 /* [CP] Check Pods Manifest.lock */ = {
			isa = PBXShellScriptBuildPhase;
			buildActionMask = 2147483647;
			files = (
			);
			inputFileListPaths = (
			);
			inputPaths = (
				"${PODS_PODFILE_DIR_PATH}/Podfile.lock",
				"${PODS_ROOT}/Manifest.lock",
			);
			name = "[CP] Check Pods Manifest.lock";
			outputFileListPaths = (
			);
			outputPaths = (
				"$(DERIVED_FILE_DIR)/Pods-mobillium_case-checkManifestLockResult.txt",
			);
			runOnlyForDeploymentPostprocessing = 0;
			shellPath = /bin/sh;
			shellScript = "diff \"${PODS_PODFILE_DIR_PATH}/Podfile.lock\" \"${PODS_ROOT}/Manifest.lock\" > /dev/null\nif [ $? != 0 ] ; then\n    # print error to STDERR\n    echo \"error: The sandbox is not in sync with the Podfile.lock. Run 'pod install' or update your CocoaPods installation.\" >&2\n    exit 1\nfi\n# This output is used by Xcode 'outputs' to avoid re-running this script phase.\necho \"SUCCESS\" > \"${SCRIPT_OUTPUT_FILE_0}\"\n";
			showEnvVarsInLog = 0;
		};
		A307615C27B7494476068829 /* [CP] Embed Pods Frameworks */ = {
			isa = PBXShellScriptBuildPhase;
			buildActionMask = 2147483647;
			files = (
			);
			inputFileListPaths = (
				"${PODS_ROOT}/Target Support Files/Pods-mobillium_case-mobillium_caseUITests/Pods-mobillium_case-mobillium_caseUITests-frameworks-${CONFIGURATION}-input-files.xcfilelist",
			);
			name = "[CP] Embed Pods Frameworks";
			outputFileListPaths = (
				"${PODS_ROOT}/Target Support Files/Pods-mobillium_case-mobillium_caseUITests/Pods-mobillium_case-mobillium_caseUITests-frameworks-${CONFIGURATION}-output-files.xcfilelist",
			);
			runOnlyForDeploymentPostprocessing = 0;
			shellPath = /bin/sh;
			shellScript = "\"${PODS_ROOT}/Target Support Files/Pods-mobillium_case-mobillium_caseUITests/Pods-mobillium_case-mobillium_caseUITests-frameworks.sh\"\n";
			showEnvVarsInLog = 0;
		};
		B73405B5A4607770B1B22AA0 /* [CP] Embed Pods Frameworks */ = {
			isa = PBXShellScriptBuildPhase;
			buildActionMask = 2147483647;
			files = (
			);
			inputFileListPaths = (
				"${PODS_ROOT}/Target Support Files/Pods-mobillium_case/Pods-mobillium_case-frameworks-${CONFIGURATION}-input-files.xcfilelist",
			);
			name = "[CP] Embed Pods Frameworks";
			outputFileListPaths = (
				"${PODS_ROOT}/Target Support Files/Pods-mobillium_case/Pods-mobillium_case-frameworks-${CONFIGURATION}-output-files.xcfilelist",
			);
			runOnlyForDeploymentPostprocessing = 0;
			shellPath = /bin/sh;
			shellScript = "\"${PODS_ROOT}/Target Support Files/Pods-mobillium_case/Pods-mobillium_case-frameworks.sh\"\n";
			showEnvVarsInLog = 0;
		};
/* End PBXShellScriptBuildPhase section */

/* Begin PBXSourcesBuildPhase section */
		578CCEF6278F235800A7FD8A /* Sources */ = {
			isa = PBXSourcesBuildPhase;
			buildActionMask = 2147483647;
			files = (
				578CCFAE278F25F700A7FD8A /* Transition.swift in Sources */,
				578CCFAC278F25F700A7FD8A /* ModalTransition.swift in Sources */,
				578CCFAD278F25F700A7FD8A /* PlaceOnWindowTransition.swift in Sources */,
				578CCFB1278F25F700A7FD8A /* TransparentNavigationController.swift in Sources */,
				578CCFB7278F25F700A7FD8A /* Keychain.swift in Sources */,
				5794F52527906ECA00DD8D19 /* HomeDetailRoute.swift in Sources */,
				578CCFB6278F25F700A7FD8A /* ApiLogger.swift in Sources */,
				578CCFB0278F25F700A7FD8A /* BaseViewController.swift in Sources */,
				578CCFAB278F25F700A7FD8A /* Router.swift in Sources */,
				578CCFD5278F32D700A7FD8A /* HomeScreenRoute.swift in Sources */,
				578CCFB3278F25F700A7FD8A /* MainNavigationController.swift in Sources */,
				5794F5232790287200DD8D19 /* HomeDetailViewModel.swift in Sources */,
				5794F5212790287200DD8D19 /* HomeDetailRouter.swift in Sources */,
				578CCFD2278F32C600A7FD8A /* HomeScreenViewController.swift in Sources */,
				578CCFB8278F25F700A7FD8A /* AppDelegate.swift in Sources */,
				578CCF08278F235800A7FD8A /* mobillium_case.xcdatamodeld in Sources */,
				578CCFAF278F25F700A7FD8A /* PushTransition.swift in Sources */,
				578CCFB4278F25F700A7FD8A /* ClouseTypeAlias.swift in Sources */,
				578CCFB5278F25F700A7FD8A /* DataProvider.swift in Sources */,
				5794F5222790287200DD8D19 /* HomeDetailViewController.swift in Sources */,
				578CCFB2278F25F700A7FD8A /* BaseViewModel.swift in Sources */,
				578CCFD3278F32C600A7FD8A /* HomeScreenViewModel.swift in Sources */,
				578CCFC4278F2A6B00A7FD8A /* ApiRequestInterceptor.swift in Sources */,
				578CCFD1278F32C600A7FD8A /* HomeScreenRouter.swift in Sources */,
				578CCFA9278F25F700A7FD8A /* AppRouter.swift in Sources */,
				578CCFAA278F25F700A7FD8A /* Animator.swift in Sources */,
			);
			runOnlyForDeploymentPostprocessing = 0;
		};
		578CCF0F278F235900A7FD8A /* Sources */ = {
			isa = PBXSourcesBuildPhase;
			buildActionMask = 2147483647;
			files = (
				578CCF18278F235900A7FD8A /* mobillium_caseTests.swift in Sources */,
			);
			runOnlyForDeploymentPostprocessing = 0;
		};
		578CCF19278F235900A7FD8A /* Sources */ = {
			isa = PBXSourcesBuildPhase;
			buildActionMask = 2147483647;
			files = (
				578CCF22278F235900A7FD8A /* mobillium_caseUITests.swift in Sources */,
				578CCF24278F235900A7FD8A /* mobillium_caseUITestsLaunchTests.swift in Sources */,
			);
			runOnlyForDeploymentPostprocessing = 0;
		};
/* End PBXSourcesBuildPhase section */

/* Begin PBXTargetDependency section */
		578CCF15278F235900A7FD8A /* PBXTargetDependency */ = {
			isa = PBXTargetDependency;
			target = 578CCEF9278F235800A7FD8A /* mobillium_case */;
			targetProxy = 578CCF14278F235900A7FD8A /* PBXContainerItemProxy */;
		};
		578CCF1F278F235900A7FD8A /* PBXTargetDependency */ = {
			isa = PBXTargetDependency;
			target = 578CCEF9278F235800A7FD8A /* mobillium_case */;
			targetProxy = 578CCF1E278F235900A7FD8A /* PBXContainerItemProxy */;
		};
/* End PBXTargetDependency section */

/* Begin XCBuildConfiguration section */
		578CCF25278F235900A7FD8A /* Debug */ = {
			isa = XCBuildConfiguration;
			buildSettings = {
				ALWAYS_SEARCH_USER_PATHS = NO;
				CLANG_ANALYZER_NONNULL = YES;
				CLANG_ANALYZER_NUMBER_OBJECT_CONVERSION = YES_AGGRESSIVE;
				CLANG_CXX_LANGUAGE_STANDARD = "gnu++17";
				CLANG_CXX_LIBRARY = "libc++";
				CLANG_ENABLE_MODULES = YES;
				CLANG_ENABLE_OBJC_ARC = YES;
				CLANG_ENABLE_OBJC_WEAK = YES;
				CLANG_WARN_BLOCK_CAPTURE_AUTORELEASING = YES;
				CLANG_WARN_BOOL_CONVERSION = YES;
				CLANG_WARN_COMMA = YES;
				CLANG_WARN_CONSTANT_CONVERSION = YES;
				CLANG_WARN_DEPRECATED_OBJC_IMPLEMENTATIONS = YES;
				CLANG_WARN_DIRECT_OBJC_ISA_USAGE = YES_ERROR;
				CLANG_WARN_DOCUMENTATION_COMMENTS = YES;
				CLANG_WARN_EMPTY_BODY = YES;
				CLANG_WARN_ENUM_CONVERSION = YES;
				CLANG_WARN_INFINITE_RECURSION = YES;
				CLANG_WARN_INT_CONVERSION = YES;
				CLANG_WARN_NON_LITERAL_NULL_CONVERSION = YES;
				CLANG_WARN_OBJC_IMPLICIT_RETAIN_SELF = YES;
				CLANG_WARN_OBJC_LITERAL_CONVERSION = YES;
				CLANG_WARN_OBJC_ROOT_CLASS = YES_ERROR;
				CLANG_WARN_QUOTED_INCLUDE_IN_FRAMEWORK_HEADER = YES;
				CLANG_WARN_RANGE_LOOP_ANALYSIS = YES;
				CLANG_WARN_STRICT_PROTOTYPES = YES;
				CLANG_WARN_SUSPICIOUS_MOVE = YES;
				CLANG_WARN_UNGUARDED_AVAILABILITY = YES_AGGRESSIVE;
				CLANG_WARN_UNREACHABLE_CODE = YES;
				CLANG_WARN__DUPLICATE_METHOD_MATCH = YES;
				COPY_PHASE_STRIP = NO;
				DEBUG_INFORMATION_FORMAT = dwarf;
				ENABLE_STRICT_OBJC_MSGSEND = YES;
				ENABLE_TESTABILITY = YES;
				GCC_C_LANGUAGE_STANDARD = gnu11;
				GCC_DYNAMIC_NO_PIC = NO;
				GCC_NO_COMMON_BLOCKS = YES;
				GCC_OPTIMIZATION_LEVEL = 0;
				GCC_PREPROCESSOR_DEFINITIONS = (
					"DEBUG=1",
					"$(inherited)",
				);
				GCC_WARN_64_TO_32_BIT_CONVERSION = YES;
				GCC_WARN_ABOUT_RETURN_TYPE = YES_ERROR;
				GCC_WARN_UNDECLARED_SELECTOR = YES;
				GCC_WARN_UNINITIALIZED_AUTOS = YES_AGGRESSIVE;
				GCC_WARN_UNUSED_FUNCTION = YES;
				GCC_WARN_UNUSED_VARIABLE = YES;
				IPHONEOS_DEPLOYMENT_TARGET = 15.2;
				MTL_ENABLE_DEBUG_INFO = INCLUDE_SOURCE;
				MTL_FAST_MATH = YES;
				ONLY_ACTIVE_ARCH = YES;
				SDKROOT = iphoneos;
				SWIFT_ACTIVE_COMPILATION_CONDITIONS = DEBUG;
				SWIFT_OPTIMIZATION_LEVEL = "-Onone";
			};
			name = Debug;
		};
		578CCF26278F235900A7FD8A /* Release */ = {
			isa = XCBuildConfiguration;
			buildSettings = {
				ALWAYS_SEARCH_USER_PATHS = NO;
				CLANG_ANALYZER_NONNULL = YES;
				CLANG_ANALYZER_NUMBER_OBJECT_CONVERSION = YES_AGGRESSIVE;
				CLANG_CXX_LANGUAGE_STANDARD = "gnu++17";
				CLANG_CXX_LIBRARY = "libc++";
				CLANG_ENABLE_MODULES = YES;
				CLANG_ENABLE_OBJC_ARC = YES;
				CLANG_ENABLE_OBJC_WEAK = YES;
				CLANG_WARN_BLOCK_CAPTURE_AUTORELEASING = YES;
				CLANG_WARN_BOOL_CONVERSION = YES;
				CLANG_WARN_COMMA = YES;
				CLANG_WARN_CONSTANT_CONVERSION = YES;
				CLANG_WARN_DEPRECATED_OBJC_IMPLEMENTATIONS = YES;
				CLANG_WARN_DIRECT_OBJC_ISA_USAGE = YES_ERROR;
				CLANG_WARN_DOCUMENTATION_COMMENTS = YES;
				CLANG_WARN_EMPTY_BODY = YES;
				CLANG_WARN_ENUM_CONVERSION = YES;
				CLANG_WARN_INFINITE_RECURSION = YES;
				CLANG_WARN_INT_CONVERSION = YES;
				CLANG_WARN_NON_LITERAL_NULL_CONVERSION = YES;
				CLANG_WARN_OBJC_IMPLICIT_RETAIN_SELF = YES;
				CLANG_WARN_OBJC_LITERAL_CONVERSION = YES;
				CLANG_WARN_OBJC_ROOT_CLASS = YES_ERROR;
				CLANG_WARN_QUOTED_INCLUDE_IN_FRAMEWORK_HEADER = YES;
				CLANG_WARN_RANGE_LOOP_ANALYSIS = YES;
				CLANG_WARN_STRICT_PROTOTYPES = YES;
				CLANG_WARN_SUSPICIOUS_MOVE = YES;
				CLANG_WARN_UNGUARDED_AVAILABILITY = YES_AGGRESSIVE;
				CLANG_WARN_UNREACHABLE_CODE = YES;
				CLANG_WARN__DUPLICATE_METHOD_MATCH = YES;
				COPY_PHASE_STRIP = NO;
				DEBUG_INFORMATION_FORMAT = "dwarf-with-dsym";
				ENABLE_NS_ASSERTIONS = NO;
				ENABLE_STRICT_OBJC_MSGSEND = YES;
				GCC_C_LANGUAGE_STANDARD = gnu11;
				GCC_NO_COMMON_BLOCKS = YES;
				GCC_WARN_64_TO_32_BIT_CONVERSION = YES;
				GCC_WARN_ABOUT_RETURN_TYPE = YES_ERROR;
				GCC_WARN_UNDECLARED_SELECTOR = YES;
				GCC_WARN_UNINITIALIZED_AUTOS = YES_AGGRESSIVE;
				GCC_WARN_UNUSED_FUNCTION = YES;
				GCC_WARN_UNUSED_VARIABLE = YES;
				IPHONEOS_DEPLOYMENT_TARGET = 15.2;
				MTL_ENABLE_DEBUG_INFO = NO;
				MTL_FAST_MATH = YES;
				SDKROOT = iphoneos;
				SWIFT_COMPILATION_MODE = wholemodule;
				SWIFT_OPTIMIZATION_LEVEL = "-O";
				VALIDATE_PRODUCT = YES;
			};
			name = Release;
		};
		578CCF28278F235900A7FD8A /* Debug */ = {
			isa = XCBuildConfiguration;
			baseConfigurationReference = FFE27E9BBEE7524707072D55 /* Pods-mobillium_case.debug.xcconfig */;
			buildSettings = {
				ASSETCATALOG_COMPILER_APPICON_NAME = AppIcon;
				ASSETCATALOG_COMPILER_GLOBAL_ACCENT_COLOR_NAME = AccentColor;
				CODE_SIGN_STYLE = Automatic;
				CURRENT_PROJECT_VERSION = 1;
				DEVELOPMENT_TEAM = BDV42QJYTX;
				GENERATE_INFOPLIST_FILE = YES;
				INFOPLIST_FILE = mobillium_case/Info.plist;
				INFOPLIST_KEY_UIApplicationSupportsIndirectInputEvents = YES;
				INFOPLIST_KEY_UILaunchStoryboardName = LaunchScreen;
				INFOPLIST_KEY_UISupportedInterfaceOrientations_iPad = "UIInterfaceOrientationPortrait UIInterfaceOrientationPortraitUpsideDown UIInterfaceOrientationLandscapeLeft UIInterfaceOrientationLandscapeRight";
				INFOPLIST_KEY_UISupportedInterfaceOrientations_iPhone = "UIInterfaceOrientationPortrait UIInterfaceOrientationLandscapeLeft UIInterfaceOrientationLandscapeRight";
				IPHONEOS_DEPLOYMENT_TARGET = 13.0;
				LD_RUNPATH_SEARCH_PATHS = (
					"$(inherited)",
					"@executable_path/Frameworks",
				);
				MARKETING_VERSION = 1.0;
				PRODUCT_BUNDLE_IDENTIFIER = "publicapis.mobillium-case";
				PRODUCT_NAME = "$(TARGET_NAME)";
				SWIFT_EMIT_LOC_STRINGS = YES;
				SWIFT_VERSION = 5.0;
				TARGETED_DEVICE_FAMILY = "1,2";
			};
			name = Debug;
		};
		578CCF29278F235900A7FD8A /* Release */ = {
			isa = XCBuildConfiguration;
			baseConfigurationReference = 5F8BAD06DDABA730D9A599C4 /* Pods-mobillium_case.release.xcconfig */;
			buildSettings = {
				ASSETCATALOG_COMPILER_APPICON_NAME = AppIcon;
				ASSETCATALOG_COMPILER_GLOBAL_ACCENT_COLOR_NAME = AccentColor;
				CODE_SIGN_STYLE = Automatic;
				CURRENT_PROJECT_VERSION = 1;
				DEVELOPMENT_TEAM = BDV42QJYTX;
				GENERATE_INFOPLIST_FILE = YES;
				INFOPLIST_FILE = mobillium_case/Info.plist;
				INFOPLIST_KEY_UIApplicationSupportsIndirectInputEvents = YES;
				INFOPLIST_KEY_UILaunchStoryboardName = LaunchScreen;
				INFOPLIST_KEY_UISupportedInterfaceOrientations_iPad = "UIInterfaceOrientationPortrait UIInterfaceOrientationPortraitUpsideDown UIInterfaceOrientationLandscapeLeft UIInterfaceOrientationLandscapeRight";
				INFOPLIST_KEY_UISupportedInterfaceOrientations_iPhone = "UIInterfaceOrientationPortrait UIInterfaceOrientationLandscapeLeft UIInterfaceOrientationLandscapeRight";
				IPHONEOS_DEPLOYMENT_TARGET = 13.0;
				LD_RUNPATH_SEARCH_PATHS = (
					"$(inherited)",
					"@executable_path/Frameworks",
				);
				MARKETING_VERSION = 1.0;
				PRODUCT_BUNDLE_IDENTIFIER = "publicapis.mobillium-case";
				PRODUCT_NAME = "$(TARGET_NAME)";
				SWIFT_EMIT_LOC_STRINGS = YES;
				SWIFT_VERSION = 5.0;
				TARGETED_DEVICE_FAMILY = "1,2";
			};
			name = Release;
		};
		578CCF2B278F235900A7FD8A /* Debug */ = {
			isa = XCBuildConfiguration;
			baseConfigurationReference = EADB6097C5591C1766993B7F /* Pods-mobillium_caseTests.debug.xcconfig */;
			buildSettings = {
				ALWAYS_EMBED_SWIFT_STANDARD_LIBRARIES = YES;
				BUNDLE_LOADER = "$(TEST_HOST)";
				CODE_SIGN_STYLE = Automatic;
				CURRENT_PROJECT_VERSION = 1;
				DEVELOPMENT_TEAM = BDV42QJYTX;
				GENERATE_INFOPLIST_FILE = YES;
				IPHONEOS_DEPLOYMENT_TARGET = 15.2;
				MARKETING_VERSION = 1.0;
				PRODUCT_BUNDLE_IDENTIFIER = "publicapis.mobillium-caseTests";
				PRODUCT_NAME = "$(TARGET_NAME)";
				SWIFT_EMIT_LOC_STRINGS = NO;
				SWIFT_VERSION = 5.0;
				TARGETED_DEVICE_FAMILY = "1,2";
				TEST_HOST = "$(BUILT_PRODUCTS_DIR)/mobillium_case.app/mobillium_case";
			};
			name = Debug;
		};
		578CCF2C278F235900A7FD8A /* Release */ = {
			isa = XCBuildConfiguration;
			baseConfigurationReference = F22E561ED5B61F53E978CBD1 /* Pods-mobillium_caseTests.release.xcconfig */;
			buildSettings = {
				ALWAYS_EMBED_SWIFT_STANDARD_LIBRARIES = YES;
				BUNDLE_LOADER = "$(TEST_HOST)";
				CODE_SIGN_STYLE = Automatic;
				CURRENT_PROJECT_VERSION = 1;
				DEVELOPMENT_TEAM = BDV42QJYTX;
				GENERATE_INFOPLIST_FILE = YES;
				IPHONEOS_DEPLOYMENT_TARGET = 15.2;
				MARKETING_VERSION = 1.0;
				PRODUCT_BUNDLE_IDENTIFIER = "publicapis.mobillium-caseTests";
				PRODUCT_NAME = "$(TARGET_NAME)";
				SWIFT_EMIT_LOC_STRINGS = NO;
				SWIFT_VERSION = 5.0;
				TARGETED_DEVICE_FAMILY = "1,2";
				TEST_HOST = "$(BUILT_PRODUCTS_DIR)/mobillium_case.app/mobillium_case";
			};
			name = Release;
		};
		578CCF2E278F235900A7FD8A /* Debug */ = {
			isa = XCBuildConfiguration;
			baseConfigurationReference = 8F632D3B6972C52DC0347E32 /* Pods-mobillium_case-mobillium_caseUITests.debug.xcconfig */;
			buildSettings = {
				ALWAYS_EMBED_SWIFT_STANDARD_LIBRARIES = YES;
				CODE_SIGN_STYLE = Automatic;
				CURRENT_PROJECT_VERSION = 1;
				DEVELOPMENT_TEAM = BDV42QJYTX;
				GENERATE_INFOPLIST_FILE = YES;
				MARKETING_VERSION = 1.0;
				PRODUCT_BUNDLE_IDENTIFIER = "publicapis.mobillium-caseUITests";
				PRODUCT_NAME = "$(TARGET_NAME)";
				SWIFT_EMIT_LOC_STRINGS = NO;
				SWIFT_VERSION = 5.0;
				TARGETED_DEVICE_FAMILY = "1,2";
				TEST_TARGET_NAME = mobillium_case;
			};
			name = Debug;
		};
		578CCF2F278F235900A7FD8A /* Release */ = {
			isa = XCBuildConfiguration;
			baseConfigurationReference = BA9501FDCE983D29F1065CB0 /* Pods-mobillium_case-mobillium_caseUITests.release.xcconfig */;
			buildSettings = {
				ALWAYS_EMBED_SWIFT_STANDARD_LIBRARIES = YES;
				CODE_SIGN_STYLE = Automatic;
				CURRENT_PROJECT_VERSION = 1;
				DEVELOPMENT_TEAM = BDV42QJYTX;
				GENERATE_INFOPLIST_FILE = YES;
				MARKETING_VERSION = 1.0;
				PRODUCT_BUNDLE_IDENTIFIER = "publicapis.mobillium-caseUITests";
				PRODUCT_NAME = "$(TARGET_NAME)";
				SWIFT_EMIT_LOC_STRINGS = NO;
				SWIFT_VERSION = 5.0;
				TARGETED_DEVICE_FAMILY = "1,2";
				TEST_TARGET_NAME = mobillium_case;
			};
			name = Release;
		};
/* End XCBuildConfiguration section */

/* Begin XCConfigurationList section */
		578CCEF5278F235800A7FD8A /* Build configuration list for PBXProject "mobillium_case" */ = {
			isa = XCConfigurationList;
			buildConfigurations = (
				578CCF25278F235900A7FD8A /* Debug */,
				578CCF26278F235900A7FD8A /* Release */,
			);
			defaultConfigurationIsVisible = 0;
			defaultConfigurationName = Release;
		};
		578CCF27278F235900A7FD8A /* Build configuration list for PBXNativeTarget "mobillium_case" */ = {
			isa = XCConfigurationList;
			buildConfigurations = (
				578CCF28278F235900A7FD8A /* Debug */,
				578CCF29278F235900A7FD8A /* Release */,
			);
			defaultConfigurationIsVisible = 0;
			defaultConfigurationName = Release;
		};
		578CCF2A278F235900A7FD8A /* Build configuration list for PBXNativeTarget "mobillium_caseTests" */ = {
			isa = XCConfigurationList;
			buildConfigurations = (
				578CCF2B278F235900A7FD8A /* Debug */,
				578CCF2C278F235900A7FD8A /* Release */,
			);
			defaultConfigurationIsVisible = 0;
			defaultConfigurationName = Release;
		};
		578CCF2D278F235900A7FD8A /* Build configuration list for PBXNativeTarget "mobillium_caseUITests" */ = {
			isa = XCConfigurationList;
			buildConfigurations = (
				578CCF2E278F235900A7FD8A /* Debug */,
				578CCF2F278F235900A7FD8A /* Release */,
			);
			defaultConfigurationIsVisible = 0;
			defaultConfigurationName = Release;
		};
/* End XCConfigurationList section */

/* Begin XCVersionGroup section */
		578CCF06278F235800A7FD8A /* mobillium_case.xcdatamodeld */ = {
			isa = XCVersionGroup;
			children = (
				578CCF07278F235800A7FD8A /* mobillium_case.xcdatamodel */,
			);
			currentVersion = 578CCF07278F235800A7FD8A /* mobillium_case.xcdatamodel */;
			path = mobillium_case.xcdatamodeld;
			sourceTree = "<group>";
			versionGroupType = wrapper.xcdatamodel;
		};
/* End XCVersionGroup section */
	};
	rootObject = 578CCEF2278F235800A7FD8A /* Project object */;
}
